
Microsoft Visual Studio Solution File, Format Version 12.00
# Visual Studio Version 17
VisualStudioVersion = 17.8.34511.84
MinimumVisualStudioVersion = 10.0.40219.1
Project("{FAE04EC0-301F-11D3-BF4B-00C04F79EFBC}") = "BlazorHelloWorld", "BlazorHelloWorld.csproj", "{353BE5B8-B43C-42C7-A6FE-64AB9EE70F43}"
EndProject
Global
	GlobalSection(SolutionConfigurationPlatforms) = preSolution
		Debug|Any CPU = Debug|Any CPU
		Release|Any CPU = Release|Any CPU
	EndGlobalSection
	GlobalSection(ProjectConfigurationPlatforms) = postSolution
		{353BE5B8-B43C-42C7-A6FE-64AB9EE70F43}.Debug|Any CPU.ActiveCfg = Debug|Any CPU
		{353BE5B8-B43C-42C7-A6FE-64AB9EE70F43}.Debug|Any CPU.Build.0 = Debug|Any CPU
		{353BE5B8-B43C-42C7-A6FE-64AB9EE70F43}.Release|Any CPU.ActiveCfg = Release|Any CPU
		{353BE5B8-B43C-42C7-A6FE-64AB9EE70F43}.Release|Any CPU.Build.0 = Release|Any CPU
	EndGlobalSection
	GlobalSection(SolutionProperties) = preSolution
		HideSolutionNode = FALSE
	EndGlobalSection
	GlobalSection(ExtensibilityGlobals) = postSolution
		SolutionGuid = {23437D73-35A0-40CE-B030-6E745E1A00EA}
	EndGlobalSection
EndGlobal
