
Microsoft Visual Studio Solution File, Format Version 12.00
# Visual Studio Version 17
VisualStudioVersion = 17.8.34511.84
MinimumVisualStudioVersion = 10.0.40219.1
Project("{9A19103F-16F7-4668-BE54-9A1E7A4F7556}") = "BlazorHelloWorld", "BlazorHelloWorld\BlazorHelloWorld.csproj", "{16FF47E4-96DB-4E6E-917A-7F3FA5583BD0}"
EndProject
Project("{FAE04EC0-301F-11D3-BF4B-00C04F79EFBC}") = "DataInteract", "DataInteract\DataInteract.csproj", "{2F4BABBE-04CF-4D63-9C62-06BAC8DA3DCA}"
EndProject
Global
	GlobalSection(SolutionConfigurationPlatforms) = preSolution
		Debug|Any CPU = Debug|Any CPU
		Release|Any CPU = Release|Any CPU
	EndGlobalSection
	GlobalSection(ProjectConfigurationPlatforms) = postSolution
		{16FF47E4-96DB-4E6E-917A-7F3FA5583BD0}.Debug|Any CPU.ActiveCfg = Debug|Any CPU
		{16FF47E4-96DB-4E6E-917A-7F3FA5583BD0}.Debug|Any CPU.Build.0 = Debug|Any CPU
		{16FF47E4-96DB-4E6E-917A-7F3FA5583BD0}.Release|Any CPU.ActiveCfg = Release|Any CPU
		{16FF47E4-96DB-4E6E-917A-7F3FA5583BD0}.Release|Any CPU.Build.0 = Release|Any CPU
		{2F4BABBE-04CF-4D63-9C62-06BAC8DA3DCA}.Debug|Any CPU.ActiveCfg = Debug|Any CPU
		{2F4BABBE-04CF-4D63-9C62-06BAC8DA3DCA}.Debug|Any CPU.Build.0 = Debug|Any CPU
		{2F4BABBE-04CF-4D63-9C62-06BAC8DA3DCA}.Release|Any CPU.ActiveCfg = Release|Any CPU
		{2F4BABBE-04CF-4D63-9C62-06BAC8DA3DCA}.Release|Any CPU.Build.0 = Release|Any CPU
	EndGlobalSection
	GlobalSection(SolutionProperties) = preSolution
		HideSolutionNode = FALSE
	EndGlobalSection
	GlobalSection(ExtensibilityGlobals) = postSolution
		SolutionGuid = {23437D73-35A0-40CE-B030-6E745E1A00EA}
	EndGlobalSection
EndGlobal
